// !$*UTF8*$!
{
	archiveVersion = 1;
	classes = {
	};
	objectVersion = 56;
	objects = {

/* Begin PBXBuildFile section */
		73692256292DC2CC005D272B /* AppDelegate.swift in Sources */ = {isa = PBXBuildFile; fileRef = 73692255292DC2CC005D272B /* AppDelegate.swift */; };
		73692258292DC2CC005D272B /* SceneDelegate.swift in Sources */ = {isa = PBXBuildFile; fileRef = 73692257292DC2CC005D272B /* SceneDelegate.swift */; };
		7369225A292DC2CC005D272B /* ViewController.swift in Sources */ = {isa = PBXBuildFile; fileRef = 73692259292DC2CC005D272B /* ViewController.swift */; };
		7369225F292DC2CE005D272B /* Assets.xcassets in Resources */ = {isa = PBXBuildFile; fileRef = 7369225E292DC2CE005D272B /* Assets.xcassets */; };
		73692262292DC2CE005D272B /* LaunchScreen.storyboard in Resources */ = {isa = PBXBuildFile; fileRef = 73692260292DC2CE005D272B /* LaunchScreen.storyboard */; };
		7369226B292DC361005D272B /* CoreML_model.mlmodel in Sources */ = {isa = PBXBuildFile; fileRef = 7369226A292DC361005D272B /* CoreML_model.mlmodel */; };
		736B2635292F39A8000A8388 /* AppCoordinator.swift in Sources */ = {isa = PBXBuildFile; fileRef = 736B2634292F39A8000A8388 /* AppCoordinator.swift */; };
		736B2637292F3AAA000A8388 /* OnBoardingViewController.swift in Sources */ = {isa = PBXBuildFile; fileRef = 736B2636292F3AAA000A8388 /* OnBoardingViewController.swift */; };
		736B2642292F3D34000A8388 /* SCDream4.otf in Resources */ = {isa = PBXBuildFile; fileRef = 736B263E292F3D34000A8388 /* SCDream4.otf */; };
		736B2643292F3D34000A8388 /* SCDream5.otf in Resources */ = {isa = PBXBuildFile; fileRef = 736B263F292F3D34000A8388 /* SCDream5.otf */; };
		736B2644292F3D34000A8388 /* SCDream6.otf in Resources */ = {isa = PBXBuildFile; fileRef = 736B2640292F3D34000A8388 /* SCDream6.otf */; };
		736B2645292F3D34000A8388 /* SCDream8.otf in Resources */ = {isa = PBXBuildFile; fileRef = 736B2641292F3D34000A8388 /* SCDream8.otf */; };
		736B2647292F3E0B000A8388 /* Font.swift in Sources */ = {isa = PBXBuildFile; fileRef = 736B2646292F3E0B000A8388 /* Font.swift */; };
		736B264B292F3F7D000A8388 /* NotoSansKR-Medium.otf in Resources */ = {isa = PBXBuildFile; fileRef = 736B2648292F3F7D000A8388 /* NotoSansKR-Medium.otf */; };
		736B264C292F3F7D000A8388 /* NotoSansKR-Regular.otf in Resources */ = {isa = PBXBuildFile; fileRef = 736B2649292F3F7D000A8388 /* NotoSansKR-Regular.otf */; };
		736B264D292F3F7D000A8388 /* NotoSansKR-Bold.otf in Resources */ = {isa = PBXBuildFile; fileRef = 736B264A292F3F7D000A8388 /* NotoSansKR-Bold.otf */; };
/* End PBXBuildFile section */

/* Begin PBXFileReference section */
		73692252292DC2CC005D272B /* HandLinkApp.app */ = {isa = PBXFileReference; explicitFileType = wrapper.application; includeInIndex = 0; path = HandLinkApp.app; sourceTree = BUILT_PRODUCTS_DIR; };
		73692255292DC2CC005D272B /* AppDelegate.swift */ = {isa = PBXFileReference; lastKnownFileType = sourcecode.swift; path = AppDelegate.swift; sourceTree = "<group>"; };
		73692257292DC2CC005D272B /* SceneDelegate.swift */ = {isa = PBXFileReference; lastKnownFileType = sourcecode.swift; path = SceneDelegate.swift; sourceTree = "<group>"; };
		73692259292DC2CC005D272B /* ViewController.swift */ = {isa = PBXFileReference; lastKnownFileType = sourcecode.swift; path = ViewController.swift; sourceTree = "<group>"; };
		7369225E292DC2CE005D272B /* Assets.xcassets */ = {isa = PBXFileReference; lastKnownFileType = folder.assetcatalog; path = Assets.xcassets; sourceTree = "<group>"; };
		73692261292DC2CE005D272B /* Base */ = {isa = PBXFileReference; lastKnownFileType = file.storyboard; name = Base; path = Base.lproj/LaunchScreen.storyboard; sourceTree = "<group>"; };
		73692263292DC2CE005D272B /* Info.plist */ = {isa = PBXFileReference; lastKnownFileType = text.plist.xml; path = Info.plist; sourceTree = "<group>"; };
		7369226A292DC361005D272B /* CoreML_model.mlmodel */ = {isa = PBXFileReference; lastKnownFileType = file.mlmodel; path = CoreML_model.mlmodel; sourceTree = "<group>"; };
		736B2634292F39A8000A8388 /* AppCoordinator.swift */ = {isa = PBXFileReference; lastKnownFileType = sourcecode.swift; path = AppCoordinator.swift; sourceTree = "<group>"; };
		736B2636292F3AAA000A8388 /* OnBoardingViewController.swift */ = {isa = PBXFileReference; lastKnownFileType = sourcecode.swift; path = OnBoardingViewController.swift; sourceTree = "<group>"; };
		736B263E292F3D34000A8388 /* SCDream4.otf */ = {isa = PBXFileReference; lastKnownFileType = file; path = SCDream4.otf; sourceTree = "<group>"; };
		736B263F292F3D34000A8388 /* SCDream5.otf */ = {isa = PBXFileReference; lastKnownFileType = file; path = SCDream5.otf; sourceTree = "<group>"; };
		736B2640292F3D34000A8388 /* SCDream6.otf */ = {isa = PBXFileReference; lastKnownFileType = file; path = SCDream6.otf; sourceTree = "<group>"; };
		736B2641292F3D34000A8388 /* SCDream8.otf */ = {isa = PBXFileReference; lastKnownFileType = file; path = SCDream8.otf; sourceTree = "<group>"; };
		736B2646292F3E0B000A8388 /* Font.swift */ = {isa = PBXFileReference; lastKnownFileType = sourcecode.swift; path = Font.swift; sourceTree = "<group>"; };
		736B2648292F3F7D000A8388 /* NotoSansKR-Medium.otf */ = {isa = PBXFileReference; lastKnownFileType = file; path = "NotoSansKR-Medium.otf"; sourceTree = "<group>"; };
		736B2649292F3F7D000A8388 /* NotoSansKR-Regular.otf */ = {isa = PBXFileReference; lastKnownFileType = file; path = "NotoSansKR-Regular.otf"; sourceTree = "<group>"; };
		736B264A292F3F7D000A8388 /* NotoSansKR-Bold.otf */ = {isa = PBXFileReference; lastKnownFileType = file; path = "NotoSansKR-Bold.otf"; sourceTree = "<group>"; };
/* End PBXFileReference section */

/* Begin PBXFrameworksBuildPhase section */
		7369224F292DC2CC005D272B /* Frameworks */ = {
			isa = PBXFrameworksBuildPhase;
			buildActionMask = 2147483647;
			files = (
			);
			runOnlyForDeploymentPostprocessing = 0;
		};
/* End PBXFrameworksBuildPhase section */

/* Begin PBXGroup section */
		73692249292DC2CC005D272B = {
			isa = PBXGroup;
			children = (
				73692254292DC2CC005D272B /* HandLinkApp */,
				73692253292DC2CC005D272B /* Products */,
			);
			sourceTree = "<group>";
		};
		73692253292DC2CC005D272B /* Products */ = {
			isa = PBXGroup;
			children = (
				73692252292DC2CC005D272B /* HandLinkApp.app */,
			);
			name = Products;
			sourceTree = "<group>";
		};
		73692254292DC2CC005D272B /* HandLinkApp */ = {
			isa = PBXGroup;
			children = (
				7369226C292DC8DD005D272B /* CoreML_Models */,
				73692269292DC331005D272B /* Application */,
				7369226D292DC9DC005D272B /* Presentation */,
				73692270292DCA08005D272B /* Supporting */,
			);
			path = HandLinkApp;
			sourceTree = "<group>";
		};
		73692269292DC331005D272B /* Application */ = {
			isa = PBXGroup;
			children = (
				73692255292DC2CC005D272B /* AppDelegate.swift */,
				73692257292DC2CC005D272B /* SceneDelegate.swift */,
				736B2634292F39A8000A8388 /* AppCoordinator.swift */,
			);
			path = Application;
			sourceTree = "<group>";
		};
		7369226C292DC8DD005D272B /* CoreML_Models */ = {
			isa = PBXGroup;
			children = (
				7369226A292DC361005D272B /* CoreML_model.mlmodel */,
			);
			path = CoreML_Models;
			sourceTree = "<group>";
		};
		7369226D292DC9DC005D272B /* Presentation */ = {
			isa = PBXGroup;
			children = (
				736B263A292F3CED000A8388 /* Common */,
				7369226F292DC9E6005D272B /* ViewModel */,
				7369226E292DC9E2005D272B /* View */,
			);
			path = Presentation;
			sourceTree = "<group>";
		};
		7369226E292DC9E2005D272B /* View */ = {
			isa = PBXGroup;
			children = (
				73692259292DC2CC005D272B /* ViewController.swift */,
				736B2636292F3AAA000A8388 /* OnBoardingViewController.swift */,
			);
			path = View;
			sourceTree = "<group>";
		};
		7369226F292DC9E6005D272B /* ViewModel */ = {
			isa = PBXGroup;
			children = (
			);
			path = ViewModel;
			sourceTree = "<group>";
		};
		73692270292DCA08005D272B /* Supporting */ = {
			isa = PBXGroup;
			children = (
				736B263D292F3D1B000A8388 /* Font */,
				73692260292DC2CE005D272B /* LaunchScreen.storyboard */,
				7369225E292DC2CE005D272B /* Assets.xcassets */,
				73692263292DC2CE005D272B /* Info.plist */,
			);
			path = Supporting;
			sourceTree = "<group>";
		};
		736B263A292F3CED000A8388 /* Common */ = {
			isa = PBXGroup;
			children = (
				736B2646292F3E0B000A8388 /* Font.swift */,
			);
			path = Common;
			sourceTree = "<group>";
		};
		736B263D292F3D1B000A8388 /* Font */ = {
			isa = PBXGroup;
			children = (
				736B264A292F3F7D000A8388 /* NotoSansKR-Bold.otf */,
				736B2648292F3F7D000A8388 /* NotoSansKR-Medium.otf */,
				736B2649292F3F7D000A8388 /* NotoSansKR-Regular.otf */,
				736B263E292F3D34000A8388 /* SCDream4.otf */,
				736B263F292F3D34000A8388 /* SCDream5.otf */,
				736B2640292F3D34000A8388 /* SCDream6.otf */,
				736B2641292F3D34000A8388 /* SCDream8.otf */,
			);
			path = Font;
			sourceTree = "<group>";
		};
/* End PBXGroup section */

/* Begin PBXNativeTarget section */
		73692251292DC2CC005D272B /* HandLinkApp */ = {
			isa = PBXNativeTarget;
			buildConfigurationList = 73692266292DC2CE005D272B /* Build configuration list for PBXNativeTarget "HandLinkApp" */;
			buildPhases = (
				7369224E292DC2CC005D272B /* Sources */,
				7369224F292DC2CC005D272B /* Frameworks */,
				73692250292DC2CC005D272B /* Resources */,
			);
			buildRules = (
			);
			dependencies = (
			);
			name = HandLinkApp;
			productName = HandLinkApp;
			productReference = 73692252292DC2CC005D272B /* HandLinkApp.app */;
			productType = "com.apple.product-type.application";
		};
/* End PBXNativeTarget section */

/* Begin PBXProject section */
		7369224A292DC2CC005D272B /* Project object */ = {
			isa = PBXProject;
			attributes = {
				BuildIndependentTargetsInParallel = 1;
				LastSwiftUpdateCheck = 1410;
				LastUpgradeCheck = 1410;
				TargetAttributes = {
					73692251292DC2CC005D272B = {
						CreatedOnToolsVersion = 14.1;
					};
				};
			};
			buildConfigurationList = 7369224D292DC2CC005D272B /* Build configuration list for PBXProject "HandLinkApp" */;
			compatibilityVersion = "Xcode 14.0";
			developmentRegion = en;
			hasScannedForEncodings = 0;
			knownRegions = (
				en,
				Base,
			);
			mainGroup = 73692249292DC2CC005D272B;
			productRefGroup = 73692253292DC2CC005D272B /* Products */;
			projectDirPath = "";
			projectRoot = "";
			targets = (
				73692251292DC2CC005D272B /* HandLinkApp */,
			);
		};
/* End PBXProject section */

/* Begin PBXResourcesBuildPhase section */
		73692250292DC2CC005D272B /* Resources */ = {
			isa = PBXResourcesBuildPhase;
			buildActionMask = 2147483647;
			files = (
				736B2645292F3D34000A8388 /* SCDream8.otf in Resources */,
				736B2644292F3D34000A8388 /* SCDream6.otf in Resources */,
				736B264B292F3F7D000A8388 /* NotoSansKR-Medium.otf in Resources */,
				736B2642292F3D34000A8388 /* SCDream4.otf in Resources */,
				736B264D292F3F7D000A8388 /* NotoSansKR-Bold.otf in Resources */,
				73692262292DC2CE005D272B /* LaunchScreen.storyboard in Resources */,
				7369225F292DC2CE005D272B /* Assets.xcassets in Resources */,
				736B264C292F3F7D000A8388 /* NotoSansKR-Regular.otf in Resources */,
				736B2643292F3D34000A8388 /* SCDream5.otf in Resources */,
			);
			runOnlyForDeploymentPostprocessing = 0;
		};
/* End PBXResourcesBuildPhase section */

/* Begin PBXSourcesBuildPhase section */
		7369224E292DC2CC005D272B /* Sources */ = {
			isa = PBXSourcesBuildPhase;
			buildActionMask = 2147483647;
			files = (
				7369225A292DC2CC005D272B /* ViewController.swift in Sources */,
				73692256292DC2CC005D272B /* AppDelegate.swift in Sources */,
				736B2647292F3E0B000A8388 /* Font.swift in Sources */,
				736B2635292F39A8000A8388 /* AppCoordinator.swift in Sources */,
				736B2637292F3AAA000A8388 /* OnBoardingViewController.swift in Sources */,
				7369226B292DC361005D272B /* CoreML_model.mlmodel in Sources */,
				73692258292DC2CC005D272B /* SceneDelegate.swift in Sources */,
			);
			runOnlyForDeploymentPostprocessing = 0;
		};
/* End PBXSourcesBuildPhase section */

/* Begin PBXVariantGroup section */
		73692260292DC2CE005D272B /* LaunchScreen.storyboard */ = {
			isa = PBXVariantGroup;
			children = (
				73692261292DC2CE005D272B /* Base */,
			);
			name = LaunchScreen.storyboard;
			sourceTree = "<group>";
		};
/* End PBXVariantGroup section */

/* Begin XCBuildConfiguration section */
		73692264292DC2CE005D272B /* Debug */ = {
			isa = XCBuildConfiguration;
			buildSettings = {
				ALWAYS_SEARCH_USER_PATHS = NO;
				CLANG_ANALYZER_NONNULL = YES;
				CLANG_ANALYZER_NUMBER_OBJECT_CONVERSION = YES_AGGRESSIVE;
				CLANG_CXX_LANGUAGE_STANDARD = "gnu++20";
				CLANG_ENABLE_MODULES = YES;
				CLANG_ENABLE_OBJC_ARC = YES;
				CLANG_ENABLE_OBJC_WEAK = YES;
				CLANG_WARN_BLOCK_CAPTURE_AUTORELEASING = YES;
				CLANG_WARN_BOOL_CONVERSION = YES;
				CLANG_WARN_COMMA = YES;
				CLANG_WARN_CONSTANT_CONVERSION = YES;
				CLANG_WARN_DEPRECATED_OBJC_IMPLEMENTATIONS = YES;
				CLANG_WARN_DIRECT_OBJC_ISA_USAGE = YES_ERROR;
				CLANG_WARN_DOCUMENTATION_COMMENTS = YES;
				CLANG_WARN_EMPTY_BODY = YES;
				CLANG_WARN_ENUM_CONVERSION = YES;
				CLANG_WARN_INFINITE_RECURSION = YES;
				CLANG_WARN_INT_CONVERSION = YES;
				CLANG_WARN_NON_LITERAL_NULL_CONVERSION = YES;
				CLANG_WARN_OBJC_IMPLICIT_RETAIN_SELF = YES;
				CLANG_WARN_OBJC_LITERAL_CONVERSION = YES;
				CLANG_WARN_OBJC_ROOT_CLASS = YES_ERROR;
				CLANG_WARN_QUOTED_INCLUDE_IN_FRAMEWORK_HEADER = YES;
				CLANG_WARN_RANGE_LOOP_ANALYSIS = YES;
				CLANG_WARN_STRICT_PROTOTYPES = YES;
				CLANG_WARN_SUSPICIOUS_MOVE = YES;
				CLANG_WARN_UNGUARDED_AVAILABILITY = YES_AGGRESSIVE;
				CLANG_WARN_UNREACHABLE_CODE = YES;
				CLANG_WARN__DUPLICATE_METHOD_MATCH = YES;
				COPY_PHASE_STRIP = NO;
				DEBUG_INFORMATION_FORMAT = dwarf;
				ENABLE_STRICT_OBJC_MSGSEND = YES;
				ENABLE_TESTABILITY = YES;
				GCC_C_LANGUAGE_STANDARD = gnu11;
				GCC_DYNAMIC_NO_PIC = NO;
				GCC_NO_COMMON_BLOCKS = YES;
				GCC_OPTIMIZATION_LEVEL = 0;
				GCC_PREPROCESSOR_DEFINITIONS = (
					"DEBUG=1",
					"$(inherited)",
				);
				GCC_WARN_64_TO_32_BIT_CONVERSION = YES;
				GCC_WARN_ABOUT_RETURN_TYPE = YES_ERROR;
				GCC_WARN_UNDECLARED_SELECTOR = YES;
				GCC_WARN_UNINITIALIZED_AUTOS = YES_AGGRESSIVE;
				GCC_WARN_UNUSED_FUNCTION = YES;
				GCC_WARN_UNUSED_VARIABLE = YES;
				IPHONEOS_DEPLOYMENT_TARGET = 16.1;
				MTL_ENABLE_DEBUG_INFO = INCLUDE_SOURCE;
				MTL_FAST_MATH = YES;
				ONLY_ACTIVE_ARCH = YES;
				SDKROOT = iphoneos;
				SWIFT_ACTIVE_COMPILATION_CONDITIONS = DEBUG;
				SWIFT_OPTIMIZATION_LEVEL = "-Onone";
			};
			name = Debug;
		};
		73692265292DC2CE005D272B /* Release */ = {
			isa = XCBuildConfiguration;
			buildSettings = {
				ALWAYS_SEARCH_USER_PATHS = NO;
				CLANG_ANALYZER_NONNULL = YES;
				CLANG_ANALYZER_NUMBER_OBJECT_CONVERSION = YES_AGGRESSIVE;
				CLANG_CXX_LANGUAGE_STANDARD = "gnu++20";
				CLANG_ENABLE_MODULES = YES;
				CLANG_ENABLE_OBJC_ARC = YES;
				CLANG_ENABLE_OBJC_WEAK = YES;
				CLANG_WARN_BLOCK_CAPTURE_AUTORELEASING = YES;
				CLANG_WARN_BOOL_CONVERSION = YES;
				CLANG_WARN_COMMA = YES;
				CLANG_WARN_CONSTANT_CONVERSION = YES;
				CLANG_WARN_DEPRECATED_OBJC_IMPLEMENTATIONS = YES;
				CLANG_WARN_DIRECT_OBJC_ISA_USAGE = YES_ERROR;
				CLANG_WARN_DOCUMENTATION_COMMENTS = YES;
				CLANG_WARN_EMPTY_BODY = YES;
				CLANG_WARN_ENUM_CONVERSION = YES;
				CLANG_WARN_INFINITE_RECURSION = YES;
				CLANG_WARN_INT_CONVERSION = YES;
				CLANG_WARN_NON_LITERAL_NULL_CONVERSION = YES;
				CLANG_WARN_OBJC_IMPLICIT_RETAIN_SELF = YES;
				CLANG_WARN_OBJC_LITERAL_CONVERSION = YES;
				CLANG_WARN_OBJC_ROOT_CLASS = YES_ERROR;
				CLANG_WARN_QUOTED_INCLUDE_IN_FRAMEWORK_HEADER = YES;
				CLANG_WARN_RANGE_LOOP_ANALYSIS = YES;
				CLANG_WARN_STRICT_PROTOTYPES = YES;
				CLANG_WARN_SUSPICIOUS_MOVE = YES;
				CLANG_WARN_UNGUARDED_AVAILABILITY = YES_AGGRESSIVE;
				CLANG_WARN_UNREACHABLE_CODE = YES;
				CLANG_WARN__DUPLICATE_METHOD_MATCH = YES;
				COPY_PHASE_STRIP = NO;
				DEBUG_INFORMATION_FORMAT = "dwarf-with-dsym";
				ENABLE_NS_ASSERTIONS = NO;
				ENABLE_STRICT_OBJC_MSGSEND = YES;
				GCC_C_LANGUAGE_STANDARD = gnu11;
				GCC_NO_COMMON_BLOCKS = YES;
				GCC_WARN_64_TO_32_BIT_CONVERSION = YES;
				GCC_WARN_ABOUT_RETURN_TYPE = YES_ERROR;
				GCC_WARN_UNDECLARED_SELECTOR = YES;
				GCC_WARN_UNINITIALIZED_AUTOS = YES_AGGRESSIVE;
				GCC_WARN_UNUSED_FUNCTION = YES;
				GCC_WARN_UNUSED_VARIABLE = YES;
				IPHONEOS_DEPLOYMENT_TARGET = 16.1;
				MTL_ENABLE_DEBUG_INFO = NO;
				MTL_FAST_MATH = YES;
				SDKROOT = iphoneos;
				SWIFT_COMPILATION_MODE = wholemodule;
				SWIFT_OPTIMIZATION_LEVEL = "-O";
				VALIDATE_PRODUCT = YES;
			};
			name = Release;
		};
		73692267292DC2CE005D272B /* Debug */ = {
			isa = XCBuildConfiguration;
			buildSettings = {
				ASSETCATALOG_COMPILER_APPICON_NAME = AppIcon;
				ASSETCATALOG_COMPILER_GLOBAL_ACCENT_COLOR_NAME = AccentColor;
				CODE_SIGN_STYLE = Automatic;
				CURRENT_PROJECT_VERSION = 1;
				DEVELOPMENT_TEAM = 6Y9V523M6R;
				GENERATE_INFOPLIST_FILE = YES;
				INFOPLIST_FILE = HandLinkApp/Info.plist;
				INFOPLIST_KEY_UIApplicationSupportsIndirectInputEvents = YES;
				INFOPLIST_KEY_UILaunchStoryboardName = LaunchScreen;
				INFOPLIST_KEY_UISupportedInterfaceOrientations_iPad = "UIInterfaceOrientationPortrait UIInterfaceOrientationPortraitUpsideDown UIInterfaceOrientationLandscapeLeft UIInterfaceOrientationLandscapeRight";
				INFOPLIST_KEY_UISupportedInterfaceOrientations_iPhone = "UIInterfaceOrientationPortrait UIInterfaceOrientationLandscapeLeft UIInterfaceOrientationLandscapeRight";
				IPHONEOS_DEPLOYMENT_TARGET = 15.0;
				LD_RUNPATH_SEARCH_PATHS = (
					"$(inherited)",
					"@executable_path/Frameworks",
				);
				MARKETING_VERSION = 1.0;
				PRODUCT_BUNDLE_IDENTIFIER = com.jihee.HandLinkApp;
				PRODUCT_NAME = "$(TARGET_NAME)";
				SWIFT_EMIT_LOC_STRINGS = YES;
				SWIFT_VERSION = 5.0;
				TARGETED_DEVICE_FAMILY = "1,2";
			};
			name = Debug;
		};
		73692268292DC2CE005D272B /* Release */ = {
			isa = XCBuildConfiguration;
			buildSettings = {
				ASSETCATALOG_COMPILER_APPICON_NAME = AppIcon;
				ASSETCATALOG_COMPILER_GLOBAL_ACCENT_COLOR_NAME = AccentColor;
				CODE_SIGN_STYLE = Automatic;
				CURRENT_PROJECT_VERSION = 1;
				DEVELOPMENT_TEAM = 6Y9V523M6R;
				GENERATE_INFOPLIST_FILE = YES;
				INFOPLIST_FILE = HandLinkApp/Info.plist;
				INFOPLIST_KEY_UIApplicationSupportsIndirectInputEvents = YES;
				INFOPLIST_KEY_UILaunchStoryboardName = LaunchScreen;
				INFOPLIST_KEY_UISupportedInterfaceOrientations_iPad = "UIInterfaceOrientationPortrait UIInterfaceOrientationPortraitUpsideDown UIInterfaceOrientationLandscapeLeft UIInterfaceOrientationLandscapeRight";
				INFOPLIST_KEY_UISupportedInterfaceOrientations_iPhone = "UIInterfaceOrientationPortrait UIInterfaceOrientationLandscapeLeft UIInterfaceOrientationLandscapeRight";
				IPHONEOS_DEPLOYMENT_TARGET = 15.0;
				LD_RUNPATH_SEARCH_PATHS = (
					"$(inherited)",
					"@executable_path/Frameworks",
				);
				MARKETING_VERSION = 1.0;
				PRODUCT_BUNDLE_IDENTIFIER = com.jihee.HandLinkApp;
				PRODUCT_NAME = "$(TARGET_NAME)";
				SWIFT_EMIT_LOC_STRINGS = YES;
				SWIFT_VERSION = 5.0;
				TARGETED_DEVICE_FAMILY = "1,2";
			};
			name = Release;
		};
/* End XCBuildConfiguration section */

/* Begin XCConfigurationList section */
		7369224D292DC2CC005D272B /* Build configuration list for PBXProject "HandLinkApp" */ = {
			isa = XCConfigurationList;
			buildConfigurations = (
				73692264292DC2CE005D272B /* Debug */,
				73692265292DC2CE005D272B /* Release */,
			);
			defaultConfigurationIsVisible = 0;
			defaultConfigurationName = Release;
		};
		73692266292DC2CE005D272B /* Build configuration list for PBXNativeTarget "HandLinkApp" */ = {
			isa = XCConfigurationList;
			buildConfigurations = (
				73692267292DC2CE005D272B /* Debug */,
				73692268292DC2CE005D272B /* Release */,
			);
			defaultConfigurationIsVisible = 0;
			defaultConfigurationName = Release;
		};
/* End XCConfigurationList section */
	};
	rootObject = 7369224A292DC2CC005D272B /* Project object */;
}
